
Microsoft Visual Studio Solution File, Format Version 12.00
# Visual Studio Version 16
VisualStudioVersion = 16.0.29324.140
MinimumVisualStudioVersion = 10.0.40219.1
Project("{FAE04EC0-301F-11D3-BF4B-00C04F79EFBC}") = "SimpleBlog", "SimpleBlog\SimpleBlog.csproj", "{6FA72D91-8477-4DD5-9B1A-07E5BD4A8727}"
EndProject
Project("{FAE04EC0-301F-11D3-BF4B-00C04F79EFBC}") = "SimpleBlog.Core", "SimpleBlog.Core\SimpleBlog.Core.csproj", "{5662D810-1577-44AA-90CF-384AAF0275E2}"
EndProject
Global
	GlobalSection(SolutionConfigurationPlatforms) = preSolution
		Debug|Any CPU = Debug|Any CPU
		Release|Any CPU = Release|Any CPU
	EndGlobalSection
	GlobalSection(ProjectConfigurationPlatforms) = postSolution
		{6FA72D91-8477-4DD5-9B1A-07E5BD4A8727}.Debug|Any CPU.ActiveCfg = Debug|Any CPU
		{6FA72D91-8477-4DD5-9B1A-07E5BD4A8727}.Debug|Any CPU.Build.0 = Debug|Any CPU
		{6FA72D91-8477-4DD5-9B1A-07E5BD4A8727}.Release|Any CPU.ActiveCfg = Release|Any CPU
		{6FA72D91-8477-4DD5-9B1A-07E5BD4A8727}.Release|Any CPU.Build.0 = Release|Any CPU
		{5662D810-1577-44AA-90CF-384AAF0275E2}.Debug|Any CPU.ActiveCfg = Debug|Any CPU
		{5662D810-1577-44AA-90CF-384AAF0275E2}.Debug|Any CPU.Build.0 = Debug|Any CPU
		{5662D810-1577-44AA-90CF-384AAF0275E2}.Release|Any CPU.ActiveCfg = Release|Any CPU
		{5662D810-1577-44AA-90CF-384AAF0275E2}.Release|Any CPU.Build.0 = Release|Any CPU
	EndGlobalSection
	GlobalSection(SolutionProperties) = preSolution
		HideSolutionNode = FALSE
	EndGlobalSection
	GlobalSection(ExtensibilityGlobals) = postSolution
		SolutionGuid = {A7A195EA-AC3F-44D6-B99E-1AE24E9CC45E}
	EndGlobalSection
EndGlobal
